// !$*UTF8*$!
{
	archiveVersion = 1;
	classes = {
	};
	objectVersion = 56;
	objects = {

/* Begin PBXBuildFile section */
		434EBCE529AF17C600629713 /* QuickLookVC.swift in Sources */ = {isa = PBXBuildFile; fileRef = 434EBCE429AF17C600629713 /* QuickLookVC.swift */; };
		434EBCFA29AF23B200629713 /* flower_tulip.usdz in Resources */ = {isa = PBXBuildFile; fileRef = 434EBCE729AF23B200629713 /* flower_tulip.usdz */; };
		434EBCFB29AF23B200629713 /* wateringcan.usdz in Resources */ = {isa = PBXBuildFile; fileRef = 434EBCE829AF23B200629713 /* wateringcan.usdz */; };
		434EBCFC29AF23B200629713 /* chair_swan.usdz in Resources */ = {isa = PBXBuildFile; fileRef = 434EBCE929AF23B200629713 /* chair_swan.usdz */; };
		434EBCFD29AF23B200629713 /* fender_stratocaster.usdz in Resources */ = {isa = PBXBuildFile; fileRef = 434EBCEA29AF23B200629713 /* fender_stratocaster.usdz */; };
		434EBCFE29AF23B200629713 /* teapot.usdz in Resources */ = {isa = PBXBuildFile; fileRef = 434EBCEB29AF23B200629713 /* teapot.usdz */; };
		434EBCFF29AF23B200629713 /* toy_car.usdz in Resources */ = {isa = PBXBuildFile; fileRef = 434EBCEC29AF23B200629713 /* toy_car.usdz */; };
		434EBD0129AF23B200629713 /* sneaker_airforce.usdz in Resources */ = {isa = PBXBuildFile; fileRef = 434EBCEE29AF23B200629713 /* sneaker_airforce.usdz */; };
		434EBD0229AF23B200629713 /* gramophone.usdz in Resources */ = {isa = PBXBuildFile; fileRef = 434EBCEF29AF23B200629713 /* gramophone.usdz */; };
		434EBD0429AF23B200629713 /* toy_biplane_idle.usdz in Resources */ = {isa = PBXBuildFile; fileRef = 434EBCF129AF23B200629713 /* toy_biplane_idle.usdz */; };
		434EBD0529AF23B200629713 /* cake.usdz in Resources */ = {isa = PBXBuildFile; fileRef = 434EBCF229AF23B200629713 /* cake.usdz */; };
		434EBD0829AF23B200629713 /* sneaker_pegasustrail.usdz in Resources */ = {isa = PBXBuildFile; fileRef = 434EBCF529AF23B200629713 /* sneaker_pegasustrail.usdz */; };
		434EBD0929AF23B200629713 /* toy_drummer_idle.usdz in Resources */ = {isa = PBXBuildFile; fileRef = 434EBCF629AF23B200629713 /* toy_drummer_idle.usdz */; };
		434EBD0A29AF23B200629713 /* tv_retro.usdz in Resources */ = {isa = PBXBuildFile; fileRef = 434EBCF829AF23B200629713 /* tv_retro.usdz */; };
		434EBD0B29AF23B200629713 /* cup_saucer_set.usdz in Resources */ = {isa = PBXBuildFile; fileRef = 434EBCF929AF23B200629713 /* cup_saucer_set.usdz */; };
		43B2A1AC29A47CDE00F59EB8 /* AppDelegate.swift in Sources */ = {isa = PBXBuildFile; fileRef = 43B2A1AB29A47CDE00F59EB8 /* AppDelegate.swift */; };
		43B2A1AE29A47CDE00F59EB8 /* SceneDelegate.swift in Sources */ = {isa = PBXBuildFile; fileRef = 43B2A1AD29A47CDE00F59EB8 /* SceneDelegate.swift */; };
		43B2A1B029A47CDE00F59EB8 /* ModelSelectionVC.swift in Sources */ = {isa = PBXBuildFile; fileRef = 43B2A1AF29A47CDE00F59EB8 /* ModelSelectionVC.swift */; };
		43B2A1B329A47CDE00F59EB8 /* Main.storyboard in Resources */ = {isa = PBXBuildFile; fileRef = 43B2A1B129A47CDE00F59EB8 /* Main.storyboard */; };
		43B2A1B529A47CDF00F59EB8 /* Assets.xcassets in Resources */ = {isa = PBXBuildFile; fileRef = 43B2A1B429A47CDF00F59EB8 /* Assets.xcassets */; };
		43B2A1B829A47CDF00F59EB8 /* LaunchScreen.storyboard in Resources */ = {isa = PBXBuildFile; fileRef = 43B2A1B629A47CDF00F59EB8 /* LaunchScreen.storyboard */; };
		43B2A1C729A499DC00F59EB8 /* MyCollectionViewCell.swift in Sources */ = {isa = PBXBuildFile; fileRef = 43B2A1C529A499DC00F59EB8 /* MyCollectionViewCell.swift */; };
		43B2A1C829A499DC00F59EB8 /* MyCollectionViewCell.xib in Resources */ = {isa = PBXBuildFile; fileRef = 43B2A1C629A499DC00F59EB8 /* MyCollectionViewCell.xib */; };
		43BB968429A78D7A0096CD80 /* ARVC.swift in Sources */ = {isa = PBXBuildFile; fileRef = 43BB968329A78D7A0096CD80 /* ARVC.swift */; };
		55DA607429B9E51B0014CBE6 /* Leather_Sofa.usdz in Resources */ = {isa = PBXBuildFile; fileRef = 55DA606E29B9E51A0014CBE6 /* Leather_Sofa.usdz */; };
		55DA607529B9E51B0014CBE6 /* White_Living_Room.usdz in Resources */ = {isa = PBXBuildFile; fileRef = 55DA606F29B9E51A0014CBE6 /* White_Living_Room.usdz */; };
		55DA607629B9E51B0014CBE6 /* Brown_Sofa.usdz in Resources */ = {isa = PBXBuildFile; fileRef = 55DA607029B9E51A0014CBE6 /* Brown_Sofa.usdz */; };
		55DA607729B9E51B0014CBE6 /* Conference_Chair.usdz in Resources */ = {isa = PBXBuildFile; fileRef = 55DA607129B9E51A0014CBE6 /* Conference_Chair.usdz */; };
		55DA607829B9E51B0014CBE6 /* White_Sofa.usdz in Resources */ = {isa = PBXBuildFile; fileRef = 55DA607229B9E51B0014CBE6 /* White_Sofa.usdz */; };
		55DA608029B9E94A0014CBE6 /* Table.usdz in Resources */ = {isa = PBXBuildFile; fileRef = 55DA607929B9E9490014CBE6 /* Table.usdz */; };
		55DA608129B9E94A0014CBE6 /* Viena_Park_Bench.usdz in Resources */ = {isa = PBXBuildFile; fileRef = 55DA607A29B9E9490014CBE6 /* Viena_Park_Bench.usdz */; };
		55DA608229B9E94A0014CBE6 /* 3_Seated_Sofa.usdz in Resources */ = {isa = PBXBuildFile; fileRef = 55DA607B29B9E9490014CBE6 /* 3_Seated_Sofa.usdz */; };
		55DA608329B9E94A0014CBE6 /* Old_Sofa.usdz in Resources */ = {isa = PBXBuildFile; fileRef = 55DA607C29B9E9490014CBE6 /* Old_Sofa.usdz */; };
		55DA608429B9E94A0014CBE6 /* Kid_rocking_chair.usdz in Resources */ = {isa = PBXBuildFile; fileRef = 55DA607D29B9E9490014CBE6 /* Kid_rocking_chair.usdz */; };
		55DA608529B9E94A0014CBE6 /* Roman_Chair.usdz in Resources */ = {isa = PBXBuildFile; fileRef = 55DA607E29B9E94A0014CBE6 /* Roman_Chair.usdz */; };
		55DA608629B9E94A0014CBE6 /* Office_Chair.usdz in Resources */ = {isa = PBXBuildFile; fileRef = 55DA607F29B9E94A0014CBE6 /* Office_Chair.usdz */; };
		55DA608829B9E9A50014CBE6 /* Table_Lamp.usdz in Resources */ = {isa = PBXBuildFile; fileRef = 55DA608729B9E9A50014CBE6 /* Table_Lamp.usdz */; };
		55DA608B29B9F4BA0014CBE6 /* MyModel.rcproject in Sources */ = {isa = PBXBuildFile; fileRef = 55DA608A29B9F4BA0014CBE6 /* MyModel.rcproject */; };
		55DA60AC29B9FDD70014CBE6 /* robot_walk_idle.usdz in Resources */ = {isa = PBXBuildFile; fileRef = 55DA60AB29B9FDD70014CBE6 /* robot_walk_idle.usdz */; };
		55DA60B129BB08250014CBE6 /* OnboardingVC.swift in Sources */ = {isa = PBXBuildFile; fileRef = 55DA60B029BB08250014CBE6 /* OnboardingVC.swift */; };
		55DA60B529BB2FE30014CBE6 /* UIView+Extension.swift in Sources */ = {isa = PBXBuildFile; fileRef = 55DA60B429BB2FE30014CBE6 /* UIView+Extension.swift */; };
		55DA60B829BB326E0014CBE6 /* OnboardingSlide.swift in Sources */ = {isa = PBXBuildFile; fileRef = 55DA60B729BB326E0014CBE6 /* OnboardingSlide.swift */; };
		55DA60BA29BB40250014CBE6 /* OnboardingCVCell.swift in Sources */ = {isa = PBXBuildFile; fileRef = 55DA60B929BB40250014CBE6 /* OnboardingCVCell.swift */; };
		55FD8F1529C07BE200C87605 /* QuickStartVC.swift in Sources */ = {isa = PBXBuildFile; fileRef = 55FD8F1329C07BE200C87605 /* QuickStartVC.swift */; };
		55FD8F1629C07BE200C87605 /* QuickStartVC.xib in Resources */ = {isa = PBXBuildFile; fileRef = 55FD8F1429C07BE200C87605 /* QuickStartVC.xib */; };
		55FD8F1A29C07F1700C87605 /* GestureCollectionViewCell.swift in Sources */ = {isa = PBXBuildFile; fileRef = 55FD8F1829C07F1700C87605 /* GestureCollectionViewCell.swift */; };
		55FD8F1B29C07F1700C87605 /* GestureCollectionViewCell.xib in Resources */ = {isa = PBXBuildFile; fileRef = 55FD8F1929C07F1700C87605 /* GestureCollectionViewCell.xib */; };
		55FD8F1D29C0837500C87605 /* Gestures.swift in Sources */ = {isa = PBXBuildFile; fileRef = 55FD8F1C29C0837500C87605 /* Gestures.swift */; };
		55FD8F2229C0A5E900C87605 /* SwiftMessages in Frameworks */ = {isa = PBXBuildFile; productRef = 55FD8F2129C0A5E900C87605 /* SwiftMessages */; };
/* End PBXBuildFile section */

/* Begin PBXFileReference section */
		434EBCE429AF17C600629713 /* QuickLookVC.swift */ = {isa = PBXFileReference; lastKnownFileType = sourcecode.swift; path = QuickLookVC.swift; sourceTree = "<group>"; };
		434EBCE729AF23B200629713 /* flower_tulip.usdz */ = {isa = PBXFileReference; lastKnownFileType = file.usdz; path = flower_tulip.usdz; sourceTree = "<group>"; };
		434EBCE829AF23B200629713 /* wateringcan.usdz */ = {isa = PBXFileReference; lastKnownFileType = file.usdz; path = wateringcan.usdz; sourceTree = "<group>"; };
		434EBCE929AF23B200629713 /* chair_swan.usdz */ = {isa = PBXFileReference; lastKnownFileType = file.usdz; path = chair_swan.usdz; sourceTree = "<group>"; };
		434EBCEA29AF23B200629713 /* fender_stratocaster.usdz */ = {isa = PBXFileReference; lastKnownFileType = file.usdz; path = fender_stratocaster.usdz; sourceTree = "<group>"; };
		434EBCEB29AF23B200629713 /* teapot.usdz */ = {isa = PBXFileReference; lastKnownFileType = file.usdz; path = teapot.usdz; sourceTree = "<group>"; };
		434EBCEC29AF23B200629713 /* toy_car.usdz */ = {isa = PBXFileReference; lastKnownFileType = file.usdz; path = toy_car.usdz; sourceTree = "<group>"; };
		434EBCEE29AF23B200629713 /* sneaker_airforce.usdz */ = {isa = PBXFileReference; lastKnownFileType = file.usdz; path = sneaker_airforce.usdz; sourceTree = "<group>"; };
		434EBCEF29AF23B200629713 /* gramophone.usdz */ = {isa = PBXFileReference; lastKnownFileType = file.usdz; path = gramophone.usdz; sourceTree = "<group>"; };
		434EBCF129AF23B200629713 /* toy_biplane_idle.usdz */ = {isa = PBXFileReference; lastKnownFileType = file.usdz; path = toy_biplane_idle.usdz; sourceTree = "<group>"; };
		434EBCF229AF23B200629713 /* cake.usdz */ = {isa = PBXFileReference; lastKnownFileType = file.usdz; path = cake.usdz; sourceTree = "<group>"; };
		434EBCF529AF23B200629713 /* sneaker_pegasustrail.usdz */ = {isa = PBXFileReference; lastKnownFileType = file.usdz; path = sneaker_pegasustrail.usdz; sourceTree = "<group>"; };
		434EBCF629AF23B200629713 /* toy_drummer_idle.usdz */ = {isa = PBXFileReference; lastKnownFileType = file.usdz; path = toy_drummer_idle.usdz; sourceTree = "<group>"; };
		434EBCF829AF23B200629713 /* tv_retro.usdz */ = {isa = PBXFileReference; lastKnownFileType = file.usdz; path = tv_retro.usdz; sourceTree = "<group>"; };
		434EBCF929AF23B200629713 /* cup_saucer_set.usdz */ = {isa = PBXFileReference; lastKnownFileType = file.usdz; path = cup_saucer_set.usdz; sourceTree = "<group>"; };
		43B2A1A829A47CDE00F59EB8 /* zAR.app */ = {isa = PBXFileReference; explicitFileType = wrapper.application; includeInIndex = 0; path = zAR.app; sourceTree = BUILT_PRODUCTS_DIR; };
		43B2A1AB29A47CDE00F59EB8 /* AppDelegate.swift */ = {isa = PBXFileReference; lastKnownFileType = sourcecode.swift; path = AppDelegate.swift; sourceTree = "<group>"; };
		43B2A1AD29A47CDE00F59EB8 /* SceneDelegate.swift */ = {isa = PBXFileReference; lastKnownFileType = sourcecode.swift; path = SceneDelegate.swift; sourceTree = "<group>"; };
		43B2A1AF29A47CDE00F59EB8 /* ModelSelectionVC.swift */ = {isa = PBXFileReference; lastKnownFileType = sourcecode.swift; path = ModelSelectionVC.swift; sourceTree = "<group>"; };
		43B2A1B229A47CDE00F59EB8 /* Base */ = {isa = PBXFileReference; lastKnownFileType = file.storyboard; name = Base; path = Base.lproj/Main.storyboard; sourceTree = "<group>"; };
		43B2A1B429A47CDF00F59EB8 /* Assets.xcassets */ = {isa = PBXFileReference; lastKnownFileType = folder.assetcatalog; path = Assets.xcassets; sourceTree = "<group>"; };
		43B2A1B729A47CDF00F59EB8 /* Base */ = {isa = PBXFileReference; lastKnownFileType = file.storyboard; name = Base; path = Base.lproj/LaunchScreen.storyboard; sourceTree = "<group>"; };
		43B2A1B929A47CDF00F59EB8 /* Info.plist */ = {isa = PBXFileReference; lastKnownFileType = text.plist.xml; path = Info.plist; sourceTree = "<group>"; };
		43B2A1C529A499DC00F59EB8 /* MyCollectionViewCell.swift */ = {isa = PBXFileReference; lastKnownFileType = sourcecode.swift; path = MyCollectionViewCell.swift; sourceTree = "<group>"; };
		43B2A1C629A499DC00F59EB8 /* MyCollectionViewCell.xib */ = {isa = PBXFileReference; lastKnownFileType = file.xib; path = MyCollectionViewCell.xib; sourceTree = "<group>"; };
		43BB968329A78D7A0096CD80 /* ARVC.swift */ = {isa = PBXFileReference; lastKnownFileType = sourcecode.swift; path = ARVC.swift; sourceTree = "<group>"; };
		55DA606E29B9E51A0014CBE6 /* Leather_Sofa.usdz */ = {isa = PBXFileReference; lastKnownFileType = file.usdz; path = Leather_Sofa.usdz; sourceTree = "<group>"; };
		55DA606F29B9E51A0014CBE6 /* White_Living_Room.usdz */ = {isa = PBXFileReference; lastKnownFileType = file.usdz; path = White_Living_Room.usdz; sourceTree = "<group>"; };
		55DA607029B9E51A0014CBE6 /* Brown_Sofa.usdz */ = {isa = PBXFileReference; lastKnownFileType = file.usdz; path = Brown_Sofa.usdz; sourceTree = "<group>"; };
		55DA607129B9E51A0014CBE6 /* Conference_Chair.usdz */ = {isa = PBXFileReference; lastKnownFileType = file.usdz; path = Conference_Chair.usdz; sourceTree = "<group>"; };
		55DA607229B9E51B0014CBE6 /* White_Sofa.usdz */ = {isa = PBXFileReference; lastKnownFileType = file.usdz; path = White_Sofa.usdz; sourceTree = "<group>"; };
		55DA607929B9E9490014CBE6 /* Table.usdz */ = {isa = PBXFileReference; lastKnownFileType = file.usdz; path = Table.usdz; sourceTree = "<group>"; };
		55DA607A29B9E9490014CBE6 /* Viena_Park_Bench.usdz */ = {isa = PBXFileReference; lastKnownFileType = file.usdz; path = Viena_Park_Bench.usdz; sourceTree = "<group>"; };
		55DA607B29B9E9490014CBE6 /* 3_Seated_Sofa.usdz */ = {isa = PBXFileReference; lastKnownFileType = file.usdz; path = 3_Seated_Sofa.usdz; sourceTree = "<group>"; };
		55DA607C29B9E9490014CBE6 /* Old_Sofa.usdz */ = {isa = PBXFileReference; lastKnownFileType = file.usdz; path = Old_Sofa.usdz; sourceTree = "<group>"; };
		55DA607D29B9E9490014CBE6 /* Kid_rocking_chair.usdz */ = {isa = PBXFileReference; lastKnownFileType = file.usdz; path = Kid_rocking_chair.usdz; sourceTree = "<group>"; };
		55DA607E29B9E94A0014CBE6 /* Roman_Chair.usdz */ = {isa = PBXFileReference; lastKnownFileType = file.usdz; path = Roman_Chair.usdz; sourceTree = "<group>"; };
		55DA607F29B9E94A0014CBE6 /* Office_Chair.usdz */ = {isa = PBXFileReference; lastKnownFileType = file.usdz; path = Office_Chair.usdz; sourceTree = "<group>"; };
		55DA608729B9E9A50014CBE6 /* Table_Lamp.usdz */ = {isa = PBXFileReference; lastKnownFileType = file.usdz; path = Table_Lamp.usdz; sourceTree = "<group>"; };
		55DA608A29B9F4BA0014CBE6 /* MyModel.rcproject */ = {isa = PBXFileReference; lastKnownFileType = file.rcproject; path = MyModel.rcproject; sourceTree = "<group>"; };
		55DA60AB29B9FDD70014CBE6 /* robot_walk_idle.usdz */ = {isa = PBXFileReference; lastKnownFileType = file.usdz; path = robot_walk_idle.usdz; sourceTree = "<group>"; };
		55DA60B029BB08250014CBE6 /* OnboardingVC.swift */ = {isa = PBXFileReference; lastKnownFileType = sourcecode.swift; name = OnboardingVC.swift; path = ../../../../../../../Downloads/DevAssests/OnboardingVC.swift; sourceTree = "<group>"; };
		55DA60B429BB2FE30014CBE6 /* UIView+Extension.swift */ = {isa = PBXFileReference; lastKnownFileType = sourcecode.swift; path = "UIView+Extension.swift"; sourceTree = "<group>"; };
		55DA60B729BB326E0014CBE6 /* OnboardingSlide.swift */ = {isa = PBXFileReference; lastKnownFileType = sourcecode.swift; path = OnboardingSlide.swift; sourceTree = "<group>"; };
		55DA60B929BB40250014CBE6 /* OnboardingCVCell.swift */ = {isa = PBXFileReference; lastKnownFileType = sourcecode.swift; path = OnboardingCVCell.swift; sourceTree = "<group>"; };
		55FD8F1329C07BE200C87605 /* QuickStartVC.swift */ = {isa = PBXFileReference; lastKnownFileType = sourcecode.swift; path = QuickStartVC.swift; sourceTree = "<group>"; };
		55FD8F1429C07BE200C87605 /* QuickStartVC.xib */ = {isa = PBXFileReference; lastKnownFileType = file.xib; path = QuickStartVC.xib; sourceTree = "<group>"; };
		55FD8F1829C07F1700C87605 /* GestureCollectionViewCell.swift */ = {isa = PBXFileReference; lastKnownFileType = sourcecode.swift; path = GestureCollectionViewCell.swift; sourceTree = "<group>"; };
		55FD8F1929C07F1700C87605 /* GestureCollectionViewCell.xib */ = {isa = PBXFileReference; lastKnownFileType = file.xib; path = GestureCollectionViewCell.xib; sourceTree = "<group>"; };
		55FD8F1C29C0837500C87605 /* Gestures.swift */ = {isa = PBXFileReference; lastKnownFileType = sourcecode.swift; path = Gestures.swift; sourceTree = "<group>"; };
/* End PBXFileReference section */

/* Begin PBXFrameworksBuildPhase section */
		43B2A1A529A47CDE00F59EB8 /* Frameworks */ = {
			isa = PBXFrameworksBuildPhase;
			buildActionMask = 2147483647;
			files = (
				55FD8F2229C0A5E900C87605 /* SwiftMessages in Frameworks */,
			);
			runOnlyForDeploymentPostprocessing = 0;
		};
/* End PBXFrameworksBuildPhase section */

/* Begin PBXGroup section */
		434EBCE629AF23B200629713 /* AssestModels */ = {
			isa = PBXGroup;
			children = (
				55DA606029B9E4000014CBE6 /* Furnitures */,
				55DA608929B9E9C50014CBE6 /* PrototypeModels */,
			);
			path = AssestModels;
			sourceTree = "<group>";
		};
		43B2A19F29A47CDE00F59EB8 = {
			isa = PBXGroup;
			children = (
				43B2A1AA29A47CDE00F59EB8 /* TeamProjectAppUI */,
				43B2A1A929A47CDE00F59EB8 /* Products */,
			);
			sourceTree = "<group>";
		};
		43B2A1A929A47CDE00F59EB8 /* Products */ = {
			isa = PBXGroup;
			children = (
				43B2A1A829A47CDE00F59EB8 /* zAR.app */,
			);
			name = Products;
			sourceTree = "<group>";
		};
		43B2A1AA29A47CDE00F59EB8 /* TeamProjectAppUI */ = {
			isa = PBXGroup;
			children = (
				55FD8F1F29C0894B00C87605 /* DelegateCore */,
				55DA60B329BB2FBC0014CBE6 /* Extensions */,
				55DA608A29B9F4BA0014CBE6 /* MyModel.rcproject */,
				55DA60B629BB32310014CBE6 /* Storyboard */,
				43BB968929A7966E0096CD80 /* Views */,
				43BB968729A796090096CD80 /* Models */,
				43B2A1C029A4999F00F59EB8 /* CollectionCell */,
				434EBCE629AF23B200629713 /* AssestModels */,
				43B2A1B429A47CDF00F59EB8 /* Assets.xcassets */,
				43B2A1B929A47CDF00F59EB8 /* Info.plist */,
			);
			path = TeamProjectAppUI;
			sourceTree = "<group>";
		};
		43B2A1C029A4999F00F59EB8 /* CollectionCell */ = {
			isa = PBXGroup;
			children = (
				43B2A1C529A499DC00F59EB8 /* MyCollectionViewCell.swift */,
				43B2A1C629A499DC00F59EB8 /* MyCollectionViewCell.xib */,
			);
			path = CollectionCell;
			sourceTree = "<group>";
		};
		43BB968729A796090096CD80 /* Models */ = {
			isa = PBXGroup;
			children = (
				55DA60B729BB326E0014CBE6 /* OnboardingSlide.swift */,
				55FD8F1C29C0837500C87605 /* Gestures.swift */,
			);
			path = Models;
			sourceTree = "<group>";
		};
		43BB968929A7966E0096CD80 /* Views */ = {
			isa = PBXGroup;
			children = (
				55FD8F1029C073B100C87605 /* QuickStart */,
				55DA60B229BB2FAB0014CBE6 /* Core */,
				55DA60AF29BB07F10014CBE6 /* Onboarding */,
			);
			path = Views;
			sourceTree = "<group>";
		};
		55DA606029B9E4000014CBE6 /* Furnitures */ = {
			isa = PBXGroup;
			children = (
				55DA607B29B9E9490014CBE6 /* 3_Seated_Sofa.usdz */,
				55DA607D29B9E9490014CBE6 /* Kid_rocking_chair.usdz */,
				55DA607F29B9E94A0014CBE6 /* Office_Chair.usdz */,
				55DA607C29B9E9490014CBE6 /* Old_Sofa.usdz */,
				55DA607E29B9E94A0014CBE6 /* Roman_Chair.usdz */,
				55DA607929B9E9490014CBE6 /* Table.usdz */,
				55DA607A29B9E9490014CBE6 /* Viena_Park_Bench.usdz */,
				55DA607129B9E51A0014CBE6 /* Conference_Chair.usdz */,
				55DA607229B9E51B0014CBE6 /* White_Sofa.usdz */,
				55DA607029B9E51A0014CBE6 /* Brown_Sofa.usdz */,
				55DA606E29B9E51A0014CBE6 /* Leather_Sofa.usdz */,
				55DA606F29B9E51A0014CBE6 /* White_Living_Room.usdz */,
			);
			path = Furnitures;
			sourceTree = "<group>";
		};
		55DA608929B9E9C50014CBE6 /* PrototypeModels */ = {
			isa = PBXGroup;
			children = (
				55DA60AB29B9FDD70014CBE6 /* robot_walk_idle.usdz */,
				434EBCE729AF23B200629713 /* flower_tulip.usdz */,
				434EBCE829AF23B200629713 /* wateringcan.usdz */,
				55DA608729B9E9A50014CBE6 /* Table_Lamp.usdz */,
				434EBCE929AF23B200629713 /* chair_swan.usdz */,
				434EBCEA29AF23B200629713 /* fender_stratocaster.usdz */,
				434EBCEB29AF23B200629713 /* teapot.usdz */,
				434EBCEC29AF23B200629713 /* toy_car.usdz */,
				434EBCEE29AF23B200629713 /* sneaker_airforce.usdz */,
				434EBCEF29AF23B200629713 /* gramophone.usdz */,
				434EBCF129AF23B200629713 /* toy_biplane_idle.usdz */,
				434EBCF229AF23B200629713 /* cake.usdz */,
				434EBCF529AF23B200629713 /* sneaker_pegasustrail.usdz */,
				434EBCF629AF23B200629713 /* toy_drummer_idle.usdz */,
				434EBCF829AF23B200629713 /* tv_retro.usdz */,
				434EBCF929AF23B200629713 /* cup_saucer_set.usdz */,
			);
			path = PrototypeModels;
			sourceTree = "<group>";
		};
		55DA60AF29BB07F10014CBE6 /* Onboarding */ = {
			isa = PBXGroup;
			children = (
				55DA60B029BB08250014CBE6 /* OnboardingVC.swift */,
				55DA60B929BB40250014CBE6 /* OnboardingCVCell.swift */,
			);
			path = Onboarding;
			sourceTree = "<group>";
		};
		55DA60B229BB2FAB0014CBE6 /* Core */ = {
			isa = PBXGroup;
			children = (
				43B2A1AF29A47CDE00F59EB8 /* ModelSelectionVC.swift */,
				43BB968329A78D7A0096CD80 /* ARVC.swift */,
				434EBCE429AF17C600629713 /* QuickLookVC.swift */,
			);
			path = Core;
			sourceTree = "<group>";
		};
		55DA60B329BB2FBC0014CBE6 /* Extensions */ = {
			isa = PBXGroup;
			children = (
				55DA60B429BB2FE30014CBE6 /* UIView+Extension.swift */,
			);
			path = Extensions;
			sourceTree = "<group>";
		};
		55DA60B629BB32310014CBE6 /* Storyboard */ = {
			isa = PBXGroup;
			children = (
				43B2A1B129A47CDE00F59EB8 /* Main.storyboard */,
				43B2A1B629A47CDF00F59EB8 /* LaunchScreen.storyboard */,
			);
			path = Storyboard;
			sourceTree = "<group>";
		};
		55FD8F1029C073B100C87605 /* QuickStart */ = {
			isa = PBXGroup;
			children = (
				55FD8F1729C07D9400C87605 /* QuickStartCollectionCell */,
				55FD8F1E29C0890D00C87605 /* QuickStartCore */,
			);
			path = QuickStart;
			sourceTree = "<group>";
		};
		55FD8F1729C07D9400C87605 /* QuickStartCollectionCell */ = {
			isa = PBXGroup;
			children = (
				55FD8F1829C07F1700C87605 /* GestureCollectionViewCell.swift */,
				55FD8F1929C07F1700C87605 /* GestureCollectionViewCell.xib */,
			);
			path = QuickStartCollectionCell;
			sourceTree = "<group>";
		};
		55FD8F1E29C0890D00C87605 /* QuickStartCore */ = {
			isa = PBXGroup;
			children = (
				55FD8F1329C07BE200C87605 /* QuickStartVC.swift */,
				55FD8F1429C07BE200C87605 /* QuickStartVC.xib */,
			);
			path = QuickStartCore;
			sourceTree = "<group>";
		};
		55FD8F1F29C0894B00C87605 /* DelegateCore */ = {
			isa = PBXGroup;
			children = (
				43B2A1AD29A47CDE00F59EB8 /* SceneDelegate.swift */,
				43B2A1AB29A47CDE00F59EB8 /* AppDelegate.swift */,
			);
			path = DelegateCore;
			sourceTree = "<group>";
		};
/* End PBXGroup section */

/* Begin PBXNativeTarget section */
		43B2A1A729A47CDE00F59EB8 /* zAR */ = {
			isa = PBXNativeTarget;
			buildConfigurationList = 43B2A1BC29A47CDF00F59EB8 /* Build configuration list for PBXNativeTarget "zAR" */;
			buildPhases = (
				43B2A1A429A47CDE00F59EB8 /* Sources */,
				43B2A1A529A47CDE00F59EB8 /* Frameworks */,
				43B2A1A629A47CDE00F59EB8 /* Resources */,
			);
			buildRules = (
			);
			dependencies = (
			);
			name = zAR;
			packageProductDependencies = (
				55FD8F2129C0A5E900C87605 /* SwiftMessages */,
			);
			productName = TeamProjectAppUI;
			productReference = 43B2A1A829A47CDE00F59EB8 /* zAR.app */;
			productType = "com.apple.product-type.application";
		};
/* End PBXNativeTarget section */

/* Begin PBXProject section */
		43B2A1A029A47CDE00F59EB8 /* Project object */ = {
			isa = PBXProject;
			attributes = {
				BuildIndependentTargetsInParallel = 1;
				LastSwiftUpdateCheck = 1420;
				LastUpgradeCheck = 1420;
				TargetAttributes = {
					43B2A1A729A47CDE00F59EB8 = {
						CreatedOnToolsVersion = 14.2;
					};
				};
			};
			buildConfigurationList = 43B2A1A329A47CDE00F59EB8 /* Build configuration list for PBXProject "zAR" */;
			compatibilityVersion = "Xcode 14.0";
			developmentRegion = en;
			hasScannedForEncodings = 0;
			knownRegions = (
				en,
				Base,
			);
			mainGroup = 43B2A19F29A47CDE00F59EB8;
			packageReferences = (
				55FD8F2029C0A5E900C87605 /* XCRemoteSwiftPackageReference "SwiftMessages" */,
			);
			productRefGroup = 43B2A1A929A47CDE00F59EB8 /* Products */;
			projectDirPath = "";
			projectRoot = "";
			targets = (
				43B2A1A729A47CDE00F59EB8 /* zAR */,
			);
		};
/* End PBXProject section */

/* Begin PBXResourcesBuildPhase section */
		43B2A1A629A47CDE00F59EB8 /* Resources */ = {
			isa = PBXResourcesBuildPhase;
			buildActionMask = 2147483647;
			files = (
				55FD8F1B29C07F1700C87605 /* GestureCollectionViewCell.xib in Resources */,
				434EBCFE29AF23B200629713 /* teapot.usdz in Resources */,
				434EBD0529AF23B200629713 /* cake.usdz in Resources */,
				55DA607429B9E51B0014CBE6 /* Leather_Sofa.usdz in Resources */,
				55DA608029B9E94A0014CBE6 /* Table.usdz in Resources */,
				434EBD0429AF23B200629713 /* toy_biplane_idle.usdz in Resources */,
				55DA608629B9E94A0014CBE6 /* Office_Chair.usdz in Resources */,
				55DA608529B9E94A0014CBE6 /* Roman_Chair.usdz in Resources */,
				434EBD0A29AF23B200629713 /* tv_retro.usdz in Resources */,
				434EBD0B29AF23B200629713 /* cup_saucer_set.usdz in Resources */,
				43B2A1C829A499DC00F59EB8 /* MyCollectionViewCell.xib in Resources */,
				43B2A1B829A47CDF00F59EB8 /* LaunchScreen.storyboard in Resources */,
				43B2A1B529A47CDF00F59EB8 /* Assets.xcassets in Resources */,
				55DA608129B9E94A0014CBE6 /* Viena_Park_Bench.usdz in Resources */,
				434EBD0129AF23B200629713 /* sneaker_airforce.usdz in Resources */,
				434EBCFB29AF23B200629713 /* wateringcan.usdz in Resources */,
				434EBD0929AF23B200629713 /* toy_drummer_idle.usdz in Resources */,
				434EBD0829AF23B200629713 /* sneaker_pegasustrail.usdz in Resources */,
				434EBCFA29AF23B200629713 /* flower_tulip.usdz in Resources */,
				55DA608329B9E94A0014CBE6 /* Old_Sofa.usdz in Resources */,
				43B2A1B329A47CDE00F59EB8 /* Main.storyboard in Resources */,
				55DA608829B9E9A50014CBE6 /* Table_Lamp.usdz in Resources */,
				55DA607729B9E51B0014CBE6 /* Conference_Chair.usdz in Resources */,
				434EBCFD29AF23B200629713 /* fender_stratocaster.usdz in Resources */,
				55DA608229B9E94A0014CBE6 /* 3_Seated_Sofa.usdz in Resources */,
				55DA607829B9E51B0014CBE6 /* White_Sofa.usdz in Resources */,
				55DA60AC29B9FDD70014CBE6 /* robot_walk_idle.usdz in Resources */,
				434EBD0229AF23B200629713 /* gramophone.usdz in Resources */,
				55DA607529B9E51B0014CBE6 /* White_Living_Room.usdz in Resources */,
				55DA607629B9E51B0014CBE6 /* Brown_Sofa.usdz in Resources */,
				55FD8F1629C07BE200C87605 /* QuickStartVC.xib in Resources */,
				434EBCFC29AF23B200629713 /* chair_swan.usdz in Resources */,
				434EBCFF29AF23B200629713 /* toy_car.usdz in Resources */,
				55DA608429B9E94A0014CBE6 /* Kid_rocking_chair.usdz in Resources */,
			);
			runOnlyForDeploymentPostprocessing = 0;
		};
/* End PBXResourcesBuildPhase section */

/* Begin PBXSourcesBuildPhase section */
		43B2A1A429A47CDE00F59EB8 /* Sources */ = {
			isa = PBXSourcesBuildPhase;
			buildActionMask = 2147483647;
			files = (
				55DA60B829BB326E0014CBE6 /* OnboardingSlide.swift in Sources */,
				43BB968429A78D7A0096CD80 /* ARVC.swift in Sources */,
				55DA60B129BB08250014CBE6 /* OnboardingVC.swift in Sources */,
				434EBCE529AF17C600629713 /* QuickLookVC.swift in Sources */,
				55DA60B529BB2FE30014CBE6 /* UIView+Extension.swift in Sources */,
				55FD8F1D29C0837500C87605 /* Gestures.swift in Sources */,
				55FD8F1529C07BE200C87605 /* QuickStartVC.swift in Sources */,
				55DA608B29B9F4BA0014CBE6 /* MyModel.rcproject in Sources */,
				43B2A1B029A47CDE00F59EB8 /* ModelSelectionVC.swift in Sources */,
				43B2A1C729A499DC00F59EB8 /* MyCollectionViewCell.swift in Sources */,
				43B2A1AC29A47CDE00F59EB8 /* AppDelegate.swift in Sources */,
				55FD8F1A29C07F1700C87605 /* GestureCollectionViewCell.swift in Sources */,
				43B2A1AE29A47CDE00F59EB8 /* SceneDelegate.swift in Sources */,
				55DA60BA29BB40250014CBE6 /* OnboardingCVCell.swift in Sources */,
			);
			runOnlyForDeploymentPostprocessing = 0;
		};
/* End PBXSourcesBuildPhase section */

/* Begin PBXVariantGroup section */
		43B2A1B129A47CDE00F59EB8 /* Main.storyboard */ = {
			isa = PBXVariantGroup;
			children = (
				43B2A1B229A47CDE00F59EB8 /* Base */,
			);
			name = Main.storyboard;
			sourceTree = "<group>";
		};
		43B2A1B629A47CDF00F59EB8 /* LaunchScreen.storyboard */ = {
			isa = PBXVariantGroup;
			children = (
				43B2A1B729A47CDF00F59EB8 /* Base */,
			);
			name = LaunchScreen.storyboard;
			sourceTree = "<group>";
		};
/* End PBXVariantGroup section */

/* Begin XCBuildConfiguration section */
		43B2A1BA29A47CDF00F59EB8 /* Debug */ = {
			isa = XCBuildConfiguration;
			buildSettings = {
				ALWAYS_SEARCH_USER_PATHS = NO;
				CLANG_ANALYZER_NONNULL = YES;
				CLANG_ANALYZER_NUMBER_OBJECT_CONVERSION = YES_AGGRESSIVE;
				CLANG_CXX_LANGUAGE_STANDARD = "gnu++20";
				CLANG_ENABLE_MODULES = YES;
				CLANG_ENABLE_OBJC_ARC = YES;
				CLANG_ENABLE_OBJC_WEAK = YES;
				CLANG_WARN_BLOCK_CAPTURE_AUTORELEASING = YES;
				CLANG_WARN_BOOL_CONVERSION = YES;
				CLANG_WARN_COMMA = YES;
				CLANG_WARN_CONSTANT_CONVERSION = YES;
				CLANG_WARN_DEPRECATED_OBJC_IMPLEMENTATIONS = YES;
				CLANG_WARN_DIRECT_OBJC_ISA_USAGE = YES_ERROR;
				CLANG_WARN_DOCUMENTATION_COMMENTS = YES;
				CLANG_WARN_EMPTY_BODY = YES;
				CLANG_WARN_ENUM_CONVERSION = YES;
				CLANG_WARN_INFINITE_RECURSION = YES;
				CLANG_WARN_INT_CONVERSION = YES;
				CLANG_WARN_NON_LITERAL_NULL_CONVERSION = YES;
				CLANG_WARN_OBJC_IMPLICIT_RETAIN_SELF = YES;
				CLANG_WARN_OBJC_LITERAL_CONVERSION = YES;
				CLANG_WARN_OBJC_ROOT_CLASS = YES_ERROR;
				CLANG_WARN_QUOTED_INCLUDE_IN_FRAMEWORK_HEADER = YES;
				CLANG_WARN_RANGE_LOOP_ANALYSIS = YES;
				CLANG_WARN_STRICT_PROTOTYPES = YES;
				CLANG_WARN_SUSPICIOUS_MOVE = YES;
				CLANG_WARN_UNGUARDED_AVAILABILITY = YES_AGGRESSIVE;
				CLANG_WARN_UNREACHABLE_CODE = YES;
				CLANG_WARN__DUPLICATE_METHOD_MATCH = YES;
				COPY_PHASE_STRIP = NO;
				DEBUG_INFORMATION_FORMAT = dwarf;
				ENABLE_STRICT_OBJC_MSGSEND = YES;
				ENABLE_TESTABILITY = YES;
				GCC_C_LANGUAGE_STANDARD = gnu11;
				GCC_DYNAMIC_NO_PIC = NO;
				GCC_NO_COMMON_BLOCKS = YES;
				GCC_OPTIMIZATION_LEVEL = 0;
				GCC_PREPROCESSOR_DEFINITIONS = (
					"DEBUG=1",
					"$(inherited)",
				);
				GCC_WARN_64_TO_32_BIT_CONVERSION = YES;
				GCC_WARN_ABOUT_RETURN_TYPE = YES_ERROR;
				GCC_WARN_UNDECLARED_SELECTOR = YES;
				GCC_WARN_UNINITIALIZED_AUTOS = YES_AGGRESSIVE;
				GCC_WARN_UNUSED_FUNCTION = YES;
				GCC_WARN_UNUSED_VARIABLE = YES;
				IPHONEOS_DEPLOYMENT_TARGET = 16.2;
				MTL_ENABLE_DEBUG_INFO = INCLUDE_SOURCE;
				MTL_FAST_MATH = YES;
				ONLY_ACTIVE_ARCH = YES;
				SDKROOT = iphoneos;
				SWIFT_ACTIVE_COMPILATION_CONDITIONS = DEBUG;
				SWIFT_OPTIMIZATION_LEVEL = "-Onone";
			};
			name = Debug;
		};
		43B2A1BB29A47CDF00F59EB8 /* Release */ = {
			isa = XCBuildConfiguration;
			buildSettings = {
				ALWAYS_SEARCH_USER_PATHS = NO;
				CLANG_ANALYZER_NONNULL = YES;
				CLANG_ANALYZER_NUMBER_OBJECT_CONVERSION = YES_AGGRESSIVE;
				CLANG_CXX_LANGUAGE_STANDARD = "gnu++20";
				CLANG_ENABLE_MODULES = YES;
				CLANG_ENABLE_OBJC_ARC = YES;
				CLANG_ENABLE_OBJC_WEAK = YES;
				CLANG_WARN_BLOCK_CAPTURE_AUTORELEASING = YES;
				CLANG_WARN_BOOL_CONVERSION = YES;
				CLANG_WARN_COMMA = YES;
				CLANG_WARN_CONSTANT_CONVERSION = YES;
				CLANG_WARN_DEPRECATED_OBJC_IMPLEMENTATIONS = YES;
				CLANG_WARN_DIRECT_OBJC_ISA_USAGE = YES_ERROR;
				CLANG_WARN_DOCUMENTATION_COMMENTS = YES;
				CLANG_WARN_EMPTY_BODY = YES;
				CLANG_WARN_ENUM_CONVERSION = YES;
				CLANG_WARN_INFINITE_RECURSION = YES;
				CLANG_WARN_INT_CONVERSION = YES;
				CLANG_WARN_NON_LITERAL_NULL_CONVERSION = YES;
				CLANG_WARN_OBJC_IMPLICIT_RETAIN_SELF = YES;
				CLANG_WARN_OBJC_LITERAL_CONVERSION = YES;
				CLANG_WARN_OBJC_ROOT_CLASS = YES_ERROR;
				CLANG_WARN_QUOTED_INCLUDE_IN_FRAMEWORK_HEADER = YES;
				CLANG_WARN_RANGE_LOOP_ANALYSIS = YES;
				CLANG_WARN_STRICT_PROTOTYPES = YES;
				CLANG_WARN_SUSPICIOUS_MOVE = YES;
				CLANG_WARN_UNGUARDED_AVAILABILITY = YES_AGGRESSIVE;
				CLANG_WARN_UNREACHABLE_CODE = YES;
				CLANG_WARN__DUPLICATE_METHOD_MATCH = YES;
				COPY_PHASE_STRIP = NO;
				DEBUG_INFORMATION_FORMAT = "dwarf-with-dsym";
				ENABLE_NS_ASSERTIONS = NO;
				ENABLE_STRICT_OBJC_MSGSEND = YES;
				GCC_C_LANGUAGE_STANDARD = gnu11;
				GCC_NO_COMMON_BLOCKS = YES;
				GCC_WARN_64_TO_32_BIT_CONVERSION = YES;
				GCC_WARN_ABOUT_RETURN_TYPE = YES_ERROR;
				GCC_WARN_UNDECLARED_SELECTOR = YES;
				GCC_WARN_UNINITIALIZED_AUTOS = YES_AGGRESSIVE;
				GCC_WARN_UNUSED_FUNCTION = YES;
				GCC_WARN_UNUSED_VARIABLE = YES;
				IPHONEOS_DEPLOYMENT_TARGET = 16.2;
				MTL_ENABLE_DEBUG_INFO = NO;
				MTL_FAST_MATH = YES;
				SDKROOT = iphoneos;
				SWIFT_COMPILATION_MODE = wholemodule;
				SWIFT_OPTIMIZATION_LEVEL = "-O";
				VALIDATE_PRODUCT = YES;
			};
			name = Release;
		};
		43B2A1BD29A47CDF00F59EB8 /* Debug */ = {
			isa = XCBuildConfiguration;
			buildSettings = {
				ASSETCATALOG_COMPILER_APPICON_NAME = AppIcon;
				ASSETCATALOG_COMPILER_GLOBAL_ACCENT_COLOR_NAME = AccentColor;
				CODE_SIGN_STYLE = Automatic;
				CURRENT_PROJECT_VERSION = 1;
				DEVELOPMENT_TEAM = VVZ8G92URG;
				GENERATE_INFOPLIST_FILE = YES;
				INFOPLIST_FILE = TeamProjectAppUI/Info.plist;
				INFOPLIST_KEY_NSCameraUsageDescription = "give permission to access camera";
				INFOPLIST_KEY_NSPhotoLibraryUsageDescription = "Required to access the photo library.";
				INFOPLIST_KEY_UIApplicationSupportsIndirectInputEvents = YES;
				INFOPLIST_KEY_UILaunchStoryboardName = LaunchScreen;
				INFOPLIST_KEY_UIMainStoryboardFile = Main;
				INFOPLIST_KEY_UISupportedInterfaceOrientations_iPad = "UIInterfaceOrientationPortrait UIInterfaceOrientationPortraitUpsideDown UIInterfaceOrientationLandscapeLeft UIInterfaceOrientationLandscapeRight";
				INFOPLIST_KEY_UISupportedInterfaceOrientations_iPhone = "UIInterfaceOrientationPortrait UIInterfaceOrientationLandscapeLeft UIInterfaceOrientationLandscapeRight";
				IPHONEOS_DEPLOYMENT_TARGET = 16.1;
				LD_RUNPATH_SEARCH_PATHS = (
					"$(inherited)",
					"@executable_path/Frameworks",
				);
				MARKETING_VERSION = 1.0;
				PRODUCT_BUNDLE_IDENTIFIER = com.yoda.gothham;
				PRODUCT_NAME = "$(TARGET_NAME)";
				SWIFT_EMIT_LOC_STRINGS = YES;
				SWIFT_VERSION = 5.0;
				TARGETED_DEVICE_FAMILY = "1,2";
			};
			name = Debug;
		};
		43B2A1BE29A47CDF00F59EB8 /* Release */ = {
			isa = XCBuildConfiguration;
			buildSettings = {
				ASSETCATALOG_COMPILER_APPICON_NAME = AppIcon;
				ASSETCATALOG_COMPILER_GLOBAL_ACCENT_COLOR_NAME = AccentColor;
				CODE_SIGN_STYLE = Automatic;
				CURRENT_PROJECT_VERSION = 1;
				DEVELOPMENT_TEAM = VVZ8G92URG;
				GENERATE_INFOPLIST_FILE = YES;
				INFOPLIST_FILE = TeamProjectAppUI/Info.plist;
				INFOPLIST_KEY_NSCameraUsageDescription = "give permission to access camera";
				INFOPLIST_KEY_NSPhotoLibraryUsageDescription = "Required to access the photo library.";
				INFOPLIST_KEY_UIApplicationSupportsIndirectInputEvents = YES;
				INFOPLIST_KEY_UILaunchStoryboardName = LaunchScreen;
				INFOPLIST_KEY_UIMainStoryboardFile = Main;
				INFOPLIST_KEY_UISupportedInterfaceOrientations_iPad = "UIInterfaceOrientationPortrait UIInterfaceOrientationPortraitUpsideDown UIInterfaceOrientationLandscapeLeft UIInterfaceOrientationLandscapeRight";
				INFOPLIST_KEY_UISupportedInterfaceOrientations_iPhone = "UIInterfaceOrientationPortrait UIInterfaceOrientationLandscapeLeft UIInterfaceOrientationLandscapeRight";
				IPHONEOS_DEPLOYMENT_TARGET = 16.1;
				LD_RUNPATH_SEARCH_PATHS = (
					"$(inherited)",
					"@executable_path/Frameworks",
				);
				MARKETING_VERSION = 1.0;
				PRODUCT_BUNDLE_IDENTIFIER = com.yoda.gothham;
				PRODUCT_NAME = "$(TARGET_NAME)";
				SWIFT_EMIT_LOC_STRINGS = YES;
				SWIFT_VERSION = 5.0;
				TARGETED_DEVICE_FAMILY = "1,2";
			};
			name = Release;
		};
/* End XCBuildConfiguration section */

/* Begin XCConfigurationList section */
		43B2A1A329A47CDE00F59EB8 /* Build configuration list for PBXProject "zAR" */ = {
			isa = XCConfigurationList;
			buildConfigurations = (
				43B2A1BA29A47CDF00F59EB8 /* Debug */,
				43B2A1BB29A47CDF00F59EB8 /* Release */,
			);
			defaultConfigurationIsVisible = 0;
			defaultConfigurationName = Release;
		};
		43B2A1BC29A47CDF00F59EB8 /* Build configuration list for PBXNativeTarget "zAR" */ = {
			isa = XCConfigurationList;
			buildConfigurations = (
				43B2A1BD29A47CDF00F59EB8 /* Debug */,
				43B2A1BE29A47CDF00F59EB8 /* Release */,
			);
			defaultConfigurationIsVisible = 0;
			defaultConfigurationName = Release;
		};
/* End XCConfigurationList section */

/* Begin XCRemoteSwiftPackageReference section */
		55FD8F2029C0A5E900C87605 /* XCRemoteSwiftPackageReference "SwiftMessages" */ = {
			isa = XCRemoteSwiftPackageReference;
			repositoryURL = "https://github.com/SwiftKickMobile/SwiftMessages.git";
			requirement = {
				kind = upToNextMajorVersion;
				minimumVersion = 9.0.0;
			};
		};
/* End XCRemoteSwiftPackageReference section */

/* Begin XCSwiftPackageProductDependency section */
		55FD8F2129C0A5E900C87605 /* SwiftMessages */ = {
			isa = XCSwiftPackageProductDependency;
			package = 55FD8F2029C0A5E900C87605 /* XCRemoteSwiftPackageReference "SwiftMessages" */;
			productName = SwiftMessages;
		};
/* End XCSwiftPackageProductDependency section */
	};
	rootObject = 43B2A1A029A47CDE00F59EB8 /* Project object */;
}
